
Microsoft Visual Studio Solution File, Format Version 12.00
# Visual Studio Version 16
VisualStudioVersion = 25.0.1706.6
MinimumVisualStudioVersion = 10.0.40219.1
Project("{FAE04EC0-301F-11D3-BF4B-00C04F79EFBC}") = "Blog.Web", "Blog.Web\Blog.Web.csproj", "{0032DBEB-46A9-44D6-9C58-A8150558A595}"
EndProject
Project("{FAE04EC0-301F-11D3-BF4B-00C04F79EFBC}") = "Blog.Entity", "Blog.Entity\Blog.Entity.csproj", "{4D8806F2-357E-4424-836B-1DADAD4B9B80}"
EndProject
Project("{FAE04EC0-301F-11D3-BF4B-00C04F79EFBC}") = "Blog.DataAccess", "Blog.DataAccess\Blog.DataAccess.csproj", "{4C5D3798-869B-4144-95A0-5A7F7AA3D864}"
EndProject
Project("{FAE04EC0-301F-11D3-BF4B-00C04F79EFBC}") = "Blog.Core", "Blog.Core\Blog.Core.csproj", "{664F7AD5-C959-41D0-81AB-3ECBF256A68F}"
EndProject
Project("{FAE04EC0-301F-11D3-BF4B-00C04F79EFBC}") = "Blog.Service", "Blog.Service\Blog.Service.csproj", "{664F62C7-4DBA-4ACD-810D-A24AD82CDB0A}"
EndProject
Global
	GlobalSection(SolutionConfigurationPlatforms) = preSolution
		Debug|Any CPU = Debug|Any CPU
		Release|Any CPU = Release|Any CPU
	EndGlobalSection
	GlobalSection(ProjectConfigurationPlatforms) = postSolution
		{0032DBEB-46A9-44D6-9C58-A8150558A595}.Debug|Any CPU.ActiveCfg = Debug|Any CPU
		{0032DBEB-46A9-44D6-9C58-A8150558A595}.Debug|Any CPU.Build.0 = Debug|Any CPU
		{0032DBEB-46A9-44D6-9C58-A8150558A595}.Release|Any CPU.ActiveCfg = Release|Any CPU
		{0032DBEB-46A9-44D6-9C58-A8150558A595}.Release|Any CPU.Build.0 = Release|Any CPU
		{4D8806F2-357E-4424-836B-1DADAD4B9B80}.Debug|Any CPU.ActiveCfg = Debug|Any CPU
		{4D8806F2-357E-4424-836B-1DADAD4B9B80}.Debug|Any CPU.Build.0 = Debug|Any CPU
		{4D8806F2-357E-4424-836B-1DADAD4B9B80}.Release|Any CPU.ActiveCfg = Release|Any CPU
		{4D8806F2-357E-4424-836B-1DADAD4B9B80}.Release|Any CPU.Build.0 = Release|Any CPU
		{4C5D3798-869B-4144-95A0-5A7F7AA3D864}.Debug|Any CPU.ActiveCfg = Debug|Any CPU
		{4C5D3798-869B-4144-95A0-5A7F7AA3D864}.Debug|Any CPU.Build.0 = Debug|Any CPU
		{4C5D3798-869B-4144-95A0-5A7F7AA3D864}.Release|Any CPU.ActiveCfg = Release|Any CPU
		{4C5D3798-869B-4144-95A0-5A7F7AA3D864}.Release|Any CPU.Build.0 = Release|Any CPU
		{664F7AD5-C959-41D0-81AB-3ECBF256A68F}.Debug|Any CPU.ActiveCfg = Debug|Any CPU
		{664F7AD5-C959-41D0-81AB-3ECBF256A68F}.Debug|Any CPU.Build.0 = Debug|Any CPU
		{664F7AD5-C959-41D0-81AB-3ECBF256A68F}.Release|Any CPU.ActiveCfg = Release|Any CPU
		{664F7AD5-C959-41D0-81AB-3ECBF256A68F}.Release|Any CPU.Build.0 = Release|Any CPU
		{664F62C7-4DBA-4ACD-810D-A24AD82CDB0A}.Debug|Any CPU.ActiveCfg = Debug|Any CPU
		{664F62C7-4DBA-4ACD-810D-A24AD82CDB0A}.Debug|Any CPU.Build.0 = Debug|Any CPU
		{664F62C7-4DBA-4ACD-810D-A24AD82CDB0A}.Release|Any CPU.ActiveCfg = Release|Any CPU
		{664F62C7-4DBA-4ACD-810D-A24AD82CDB0A}.Release|Any CPU.Build.0 = Release|Any CPU
	EndGlobalSection
	GlobalSection(SolutionProperties) = preSolution
		HideSolutionNode = FALSE
	EndGlobalSection
	GlobalSection(ExtensibilityGlobals) = postSolution
		SolutionGuid = {40B07DF6-8012-4EF2-93DA-34E18872E0BC}
	EndGlobalSection
EndGlobal
